
Microsoft Visual Studio Solution File, Format Version 12.00
# Visual Studio 2013
VisualStudioVersion = 12.0.40629.0
MinimumVisualStudioVersion = 10.0.40219.1
Project("{2150E333-8FDC-42A3-9474-1A3956D46DE8}") = "Tests", "Tests", "{0138C3AD-5528-4EAB-B8F7-AD09A6539A3A}"
EndProject
Project("{FAE04EC0-301F-11D3-BF4B-00C04F79EFBC}") = "MPM.PDAG.UnitTests", "MPM.PDAG.UnitTests\MPM.PDAG.UnitTests.csproj", "{1AA94937-25F5-496C-876C-D5F780255F2C}"
EndProject
Project("{FAE04EC0-301F-11D3-BF4B-00C04F79EFBC}") = "MPM.PDAG", "MPM.PDAG\MPM.PDAG.csproj", "{AAF234C6-6D1B-4E53-B868-6C7D06A2703F}"
EndProject
Project("{2150E333-8FDC-42A3-9474-1A3956D46DE8}") = "Documentation", "Documentation", "{6F4E6576-3E02-4C0E-A596-AF38552B2E3E}"
	ProjectSection(SolutionItems) = preProject
		..\README.md = ..\README.md
	EndProjectSection
EndProject
Project("{FAE04EC0-301F-11D3-BF4B-00C04F79EFBC}") = "MPM.PDAG.Example", "MPM.PDAG.Example\MPM.PDAG.Example.csproj", "{38FBFC49-BA17-49F8-8857-67E476A35514}"
EndProject
Project("{2150E333-8FDC-42A3-9474-1A3956D46DE8}") = ".nuget", ".nuget", "{6CA34E12-E0A1-4EF8-9ADE-9784AE28680A}"
	ProjectSection(SolutionItems) = preProject
		.nuget\NuGet.Config = .nuget\NuGet.Config
		.nuget\NuGet.exe = .nuget\NuGet.exe
		.nuget\NuGet.targets = .nuget\NuGet.targets
	EndProjectSection
EndProject
Global
	GlobalSection(SolutionConfigurationPlatforms) = preSolution
		Debug|Any CPU = Debug|Any CPU
		Release|Any CPU = Release|Any CPU
	EndGlobalSection
	GlobalSection(ProjectConfigurationPlatforms) = postSolution
		{1AA94937-25F5-496C-876C-D5F780255F2C}.Debug|Any CPU.ActiveCfg = Debug|Any CPU
		{1AA94937-25F5-496C-876C-D5F780255F2C}.Debug|Any CPU.Build.0 = Debug|Any CPU
		{1AA94937-25F5-496C-876C-D5F780255F2C}.Release|Any CPU.ActiveCfg = Release|Any CPU
		{1AA94937-25F5-496C-876C-D5F780255F2C}.Release|Any CPU.Build.0 = Release|Any CPU
		{AAF234C6-6D1B-4E53-B868-6C7D06A2703F}.Debug|Any CPU.ActiveCfg = Debug|Any CPU
		{AAF234C6-6D1B-4E53-B868-6C7D06A2703F}.Debug|Any CPU.Build.0 = Debug|Any CPU
		{AAF234C6-6D1B-4E53-B868-6C7D06A2703F}.Release|Any CPU.ActiveCfg = Release|Any CPU
		{AAF234C6-6D1B-4E53-B868-6C7D06A2703F}.Release|Any CPU.Build.0 = Release|Any CPU
		{38FBFC49-BA17-49F8-8857-67E476A35514}.Debug|Any CPU.ActiveCfg = Debug|Any CPU
		{38FBFC49-BA17-49F8-8857-67E476A35514}.Debug|Any CPU.Build.0 = Debug|Any CPU
		{38FBFC49-BA17-49F8-8857-67E476A35514}.Release|Any CPU.ActiveCfg = Release|Any CPU
		{38FBFC49-BA17-49F8-8857-67E476A35514}.Release|Any CPU.Build.0 = Release|Any CPU
	EndGlobalSection
	GlobalSection(SolutionProperties) = preSolution
		HideSolutionNode = FALSE
	EndGlobalSection
	GlobalSection(NestedProjects) = preSolution
		{1AA94937-25F5-496C-876C-D5F780255F2C} = {0138C3AD-5528-4EAB-B8F7-AD09A6539A3A}
	EndGlobalSection
	GlobalSection(MonoDevelopProperties) = preSolution
		StartupItem = PDAG\PDAG.csproj
		Policies = $0
		$0.DotNetNamingPolicy = $1
		$1.DirectoryNamespaceAssociation = None
		$1.ResourceNamePolicy = FileFormatDefault
		$0.TextStylePolicy = $2
		$2.inheritsSet = null
		$2.scope = text/x-csharp
		$0.CSharpFormattingPolicy = $3
		$3.inheritsSet = Mono
		$3.inheritsScope = text/x-csharp
		$3.scope = text/x-csharp
	EndGlobalSection
EndGlobal
